
Microsoft Visual Studio Solution File, Format Version 12.00
# Visual Studio Version 16
VisualStudioVersion = 16.0.31624.102
MinimumVisualStudioVersion = 10.0.40219.1
Project("{8BC9CEB8-8B4A-11D0-8D11-00A0C91BC942}") = "Week01Solutions", "Week01Solutions\Week01Solutions.vcxproj", "{CC66274F-5C55-447F-BC51-F4CEBB01F66B}"
EndProject
Global
	GlobalSection(SolutionConfigurationPlatforms) = preSolution
		Debug|x64 = Debug|x64
		Debug|x86 = Debug|x86
		Release|x64 = Release|x64
		Release|x86 = Release|x86
	EndGlobalSection
	GlobalSection(ProjectConfigurationPlatforms) = postSolution
		{CC66274F-5C55-447F-BC51-F4CEBB01F66B}.Debug|x64.ActiveCfg = Debug|x64
		{CC66274F-5C55-447F-BC51-F4CEBB01F66B}.Debug|x64.Build.0 = Debug|x64
		{CC66274F-5C55-447F-BC51-F4CEBB01F66B}.Debug|x86.ActiveCfg = Debug|Win32
		{CC66274F-5C55-447F-BC51-F4CEBB01F66B}.Debug|x86.Build.0 = Debug|Win32
		{CC66274F-5C55-447F-BC51-F4CEBB01F66B}.Release|x64.ActiveCfg = Release|x64
		{CC66274F-5C55-447F-BC51-F4CEBB01F66B}.Release|x64.Build.0 = Release|x64
		{CC66274F-5C55-447F-BC51-F4CEBB01F66B}.Release|x86.ActiveCfg = Release|Win32
		{CC66274F-5C55-447F-BC51-F4CEBB01F66B}.Release|x86.Build.0 = Release|Win32
	EndGlobalSection
	GlobalSection(SolutionProperties) = preSolution
		HideSolutionNode = FALSE
	EndGlobalSection
	GlobalSection(ExtensibilityGlobals) = postSolution
		SolutionGuid = {6CC10D01-B46C-4C30-93EE-83509F739118}
	EndGlobalSection
EndGlobal
